
Microsoft Visual Studio Solution File, Format Version 12.00
# Visual Studio Version 16
VisualStudioVersion = 16.0.35706.149
MinimumVisualStudioVersion = 10.0.40219.1
Project("{FAE04EC0-301F-11D3-BF4B-00C04F79EFBC}") = "TLMS.ObjectStorageS3", "TLMS.ObjectStorageS3\TLMS.ObjectStorageS3.csproj", "{5FC5327D-1BD0-4E9F-BB9C-490CBA72C776}"
EndProject
Project("{FAE04EC0-301F-11D3-BF4B-00C04F79EFBC}") = "VtsVideoPlayer", "VtsVideoPlayer\VtsVideoPlayer.csproj", "{87CDC0EB-589C-4FB6-B1A7-9F92CD4D3A9E}"
EndProject
Project("{54435603-DBB4-11D2-8724-00A0C9A8B90C}") = "VeduPlayer", "VeduPlayer\VeduPlayer.vdproj", "{A9D330D1-C110-4221-85D0-E6B85CC06AFF}"
EndProject
Global
	GlobalSection(SolutionConfigurationPlatforms) = preSolution
		Debug|Any CPU = Debug|Any CPU
		Debug|x64 = Debug|x64
		Debug|x86 = Debug|x86
		Release|Any CPU = Release|Any CPU
		Release|x64 = Release|x64
		Release|x86 = Release|x86
	EndGlobalSection
	GlobalSection(ProjectConfigurationPlatforms) = postSolution
		{5FC5327D-1BD0-4E9F-BB9C-490CBA72C776}.Debug|Any CPU.ActiveCfg = Debug|Any CPU
		{5FC5327D-1BD0-4E9F-BB9C-490CBA72C776}.Debug|Any CPU.Build.0 = Debug|Any CPU
		{5FC5327D-1BD0-4E9F-BB9C-490CBA72C776}.Debug|x64.ActiveCfg = Debug|Any CPU
		{5FC5327D-1BD0-4E9F-BB9C-490CBA72C776}.Debug|x86.ActiveCfg = Debug|Any CPU
		{5FC5327D-1BD0-4E9F-BB9C-490CBA72C776}.Debug|x86.Build.0 = Debug|Any CPU
		{5FC5327D-1BD0-4E9F-BB9C-490CBA72C776}.Release|Any CPU.ActiveCfg = Release|Any CPU
		{5FC5327D-1BD0-4E9F-BB9C-490CBA72C776}.Release|Any CPU.Build.0 = Release|Any CPU
		{5FC5327D-1BD0-4E9F-BB9C-490CBA72C776}.Release|x64.ActiveCfg = Release|Any CPU
		{5FC5327D-1BD0-4E9F-BB9C-490CBA72C776}.Release|x86.ActiveCfg = Release|Any CPU
		{87CDC0EB-589C-4FB6-B1A7-9F92CD4D3A9E}.Debug|Any CPU.ActiveCfg = Debug|Any CPU
		{87CDC0EB-589C-4FB6-B1A7-9F92CD4D3A9E}.Debug|Any CPU.Build.0 = Debug|Any CPU
		{87CDC0EB-589C-4FB6-B1A7-9F92CD4D3A9E}.Debug|x64.ActiveCfg = Debug|Any CPU
		{87CDC0EB-589C-4FB6-B1A7-9F92CD4D3A9E}.Debug|x64.Build.0 = Debug|Any CPU
		{87CDC0EB-589C-4FB6-B1A7-9F92CD4D3A9E}.Debug|x86.ActiveCfg = Debug|Any CPU
		{87CDC0EB-589C-4FB6-B1A7-9F92CD4D3A9E}.Release|Any CPU.ActiveCfg = Release|Any CPU
		{87CDC0EB-589C-4FB6-B1A7-9F92CD4D3A9E}.Release|Any CPU.Build.0 = Release|Any CPU
		{87CDC0EB-589C-4FB6-B1A7-9F92CD4D3A9E}.Release|x64.ActiveCfg = Release|Any CPU
		{87CDC0EB-589C-4FB6-B1A7-9F92CD4D3A9E}.Release|x64.Build.0 = Release|Any CPU
		{87CDC0EB-589C-4FB6-B1A7-9F92CD4D3A9E}.Release|x86.ActiveCfg = Release|Any CPU
		{A9D330D1-C110-4221-85D0-E6B85CC06AFF}.Debug|Any CPU.ActiveCfg = Debug
		{A9D330D1-C110-4221-85D0-E6B85CC06AFF}.Debug|x64.ActiveCfg = Debug
		{A9D330D1-C110-4221-85D0-E6B85CC06AFF}.Debug|x64.Build.0 = Debug
		{A9D330D1-C110-4221-85D0-E6B85CC06AFF}.Debug|x86.ActiveCfg = Debug
		{A9D330D1-C110-4221-85D0-E6B85CC06AFF}.Debug|x86.Build.0 = Debug
		{A9D330D1-C110-4221-85D0-E6B85CC06AFF}.Release|Any CPU.ActiveCfg = Release
		{A9D330D1-C110-4221-85D0-E6B85CC06AFF}.Release|x64.ActiveCfg = Release
		{A9D330D1-C110-4221-85D0-E6B85CC06AFF}.Release|x64.Build.0 = Release
		{A9D330D1-C110-4221-85D0-E6B85CC06AFF}.Release|x86.ActiveCfg = Release
		{A9D330D1-C110-4221-85D0-E6B85CC06AFF}.Release|x86.Build.0 = Release
	EndGlobalSection
	GlobalSection(SolutionProperties) = preSolution
		HideSolutionNode = FALSE
	EndGlobalSection
	GlobalSection(ExtensibilityGlobals) = postSolution
		SolutionGuid = {F78104D8-D27F-4727-A97E-8419FD8E55AD}
	EndGlobalSection
EndGlobal
